
Microsoft Visual Studio Solution File, Format Version 12.00
# Visual Studio Version 17
VisualStudioVersion = 17.9.34607.119
MinimumVisualStudioVersion = 10.0.40219.1
Project("{FAE04EC0-301F-11D3-BF4B-00C04F79EFBC}") = "Parcial_1", "Parcial_1.csproj", "{78804C1C-54BC-4276-9EAF-59002B0C8482}"
EndProject
Global
	GlobalSection(SolutionConfigurationPlatforms) = preSolution
		Debug|Any CPU = Debug|Any CPU
		Release|Any CPU = Release|Any CPU
	EndGlobalSection
	GlobalSection(ProjectConfigurationPlatforms) = postSolution
		{78804C1C-54BC-4276-9EAF-59002B0C8482}.Debug|Any CPU.ActiveCfg = Debug|Any CPU
		{78804C1C-54BC-4276-9EAF-59002B0C8482}.Debug|Any CPU.Build.0 = Debug|Any CPU
		{78804C1C-54BC-4276-9EAF-59002B0C8482}.Release|Any CPU.ActiveCfg = Release|Any CPU
		{78804C1C-54BC-4276-9EAF-59002B0C8482}.Release|Any CPU.Build.0 = Release|Any CPU
	EndGlobalSection
	GlobalSection(SolutionProperties) = preSolution
		HideSolutionNode = FALSE
	EndGlobalSection
	GlobalSection(ExtensibilityGlobals) = postSolution
		SolutionGuid = {79EE8843-AC40-41AA-AA59-6B02223AD984}
	EndGlobalSection
EndGlobal
